version = 1
revision = 3
requires-python = ">=3.10"

[[package]]
name = "find-github-issues"
version = "0.1.0"
source = { virtual = "." }
dependencies = [
    { name = "jq" },
    { name = "pyyaml" },
]

[package.metadata]
requires-dist = [
    { name = "jq", specifier = ">=1.12.0" },
    { name = "pyyaml", specifier = ">=6.0.3" },
]

[[package]]
name = "jq"
version = "1.12.0"
source = { registry = "https://pypi.org/simple" }
sdist = { url = "https://files.pythonhosted.org/packages/95/ec/3da01457bbd3c6a2fc8fea6736c0b657ffc628e3decbfb1fafcf33dc7dbe/jq-1.12.0.tar.gz", hash = "sha256:729b2d3418c8ca7dccfaa66b9fb7a98bec28474212650d27c5c04358ce26f55c", size = 1965902, upload-time = "2026-07-10T12:36:39.214Z" }
wheels = [
    { url = "https://files.pythonhosted.org/packages/9b/1e/2efd9f247c53016e117d7e82765c08bce7e2c320f1563a99d1c62640c3ab/jq-1.12.0-cp310-cp310-macosx_10_9_x86_64.whl", hash = "sha256:670e87f00271d89dd0229f26eb323ab5e5a49d8b743321da15de55e0d976d07e", size = 417075, upload-time = "2026-07-10T12:35:00.43Z" },
    { url = "https://files.pythonhosted.org/packages/68/9a/0891f05d4166c646464733c0a8c8cbe421a8ce787936246e59d5013a3d16/jq-1.12.0-cp310-cp310-macosx_11_0_arm64.whl", hash = "sha256:961b5aec833eae2914aa9e25462d55695fb2572789ec387ce67ac97ac1291d39", size = 425062, upload-time = "2026-07-10T12:35:02.322Z" },
    { url = "https://files.pythonhosted.org/packages/dc/b6/f06def029d0015e50bce9034fdd64fe48278b008b5d514d46fcb2f4a749d/jq-1.12.0-cp310-cp310-manylinux_2_26_aarch64.manylinux_2_28_aarch64.whl", hash = "sha256:0d5104dc01c6bcdb253fb4c98ad2083ff44d75bce80b381dce4343cd12f69481", size = 747932, upload-time = "2026-07-10T12:35:03.735Z" },
    { url = "https://files.pythonhosted.org/packages/05/7b/4ff36e9d7b50016b6fdcb5da416ba4e9e0ede8daa8d7934c2441d905f412/jq-1.12.0-cp310-cp310-manylinux_2_26_x86_64.manylinux_2_28_x86_64.whl", hash = "sha256:67d72c28ed5d2efde569550ad323742155104c0d99af359ca421d4b1c19f3565", size = 759936, upload-time = "2026-07-10T12:35:05.199Z" },
    { url = "https://files.pythonhosted.org/packages/58/58/7adff9e0143771f7dfcb42c10a0fe791faf1b3af76096439d92ec3617eef/jq-1.12.0-cp310-cp310-musllinux_1_2_aarch64.whl", hash = "sha256:f553f6f89530e6e0af1e87e24adbf9764787077fe7b7bee672eb152c93bfe71a", size = 741785, upload-time = "2026-07-10T12:35:06.826Z" },
    { url = "https://files.pythonhosted.org/packages/12/81/2f57023af6c23ff73005a145e9811b794bba8eb9250ba0fa97700afc278f/jq-1.12.0-cp310-cp310-musllinux_1_2_x86_64.whl", hash = "sha256:86ffa2c09d0cbf0b48c91e300633e07761cb0277dc18f892797b083fad025f31", size = 758520, upload-time = "2026-07-10T12:35:08.422Z" },
    { url = "https://files.pythonhosted.org/packages/04/d7/149767847b15cdbb96cd9e10a68bcf846ff4b6b7bfeb5e329be9539bd490/jq-1.12.0-cp310-cp310-win_amd64.whl", hash = "sha256:1b37866631de9ab0ccc40a208dc1337df2bad90591b7304fd09d9d4a544fd096", size = 410360, upload-time = "2026-07-10T12:35:09.954Z" },
    { url = "https://files.pythonhosted.org/packages/e3/70/8b73746d26bb588c6bdc111bf5f2147504300c8b526d38ba554cb1eb66d7/jq-1.12.0-cp311-cp311-macosx_10_9_x86_64.whl", hash = "sha256:3296f1fb00d8c14de1d7fac6fee92fbe8f630ad678ac30893cfbbe5181ba8e6c", size = 416621, upload-time = "2026-07-10T12:35:11.316Z" },
    { url = "https://files.pythonhosted.org/packages/52/b3/6aea34dda1e71cd8cc5a85320a34eaf79f93480b3977ff9d5adee79f1f4e/jq-1.12.0-cp311-cp311-macosx_11_0_arm64.whl", hash = "sha256:8d834edc9fda230b5dcc6d4f25b9cd03b958d51d90b3421ae04ae2531cd8383b", size = 424783, upload-time = "2026-07-10T12:35:12.937Z" },
    { url = "https://files.pythonhosted.org/packages/e0/69/d49ed4b3c3f718d6c60e8b2c795b11f0c5d1470cab5434a2839e8253466b/jq-1.12.0-cp311-cp311-manylinux_2_26_aarch64.manylinux_2_28_aarch64.whl", hash = "sha256:a5553950332099fdb935093cb92d12ad89055cf3abc7a72c665ee941d70bac0f", size = 764669, upload-time = "2026-07-10T12:35:14.576Z" },
    { url = "https://files.pythonhosted.org/packages/1f/e7/7eed10295b86a7097c456c86ea9b923d0718b0267df1fccbaa69458293c9/jq-1.12.0-cp311-cp311-manylinux_2_26_x86_64.manylinux_2_28_x86_64.whl", hash = "sha256:06fdae6b0435a0e788ba92f40c42ddd0ef59d8effc83a680839f46fef641fd35", size = 774909, upload-time = "2026-07-10T12:35:16.048Z" },
    { url = "https://files.pythonhosted.org/packages/1d/89/3d7aa493fc596b2c10173e28acd34511ade062c08f3f040d5a6303a00001/jq-1.12.0-cp311-cp311-musllinux_1_2_aarch64.whl", hash = "sha256:bd7774c5f7601f8b0e140162460bfa5060b8e92b967b2c3d2721e531f915de19", size = 754243, upload-time = "2026-07-10T12:35:17.456Z" },
    { url = "https://files.pythonhosted.org/packages/c8/c7/720c6aa9551f613a73dedfc20a29d2cdd5776a39094db0a31a5bdf226b89/jq-1.12.0-cp311-cp311-musllinux_1_2_x86_64.whl", hash = "sha256:cade2d84187c45ee2ee47ad9c6c3862637f4a1d8eee13ccb4a5063720f659892", size = 775479, upload-time = "2026-07-10T12:35:18.91Z" },
    { url = "https://files.pythonhosted.org/packages/b1/c6/13c8a89f4b39bcc7655a319bce9ab74fec787f51ed24d5681b428b13980a/jq-1.12.0-cp311-cp311-win_amd64.whl", hash = "sha256:fa39d443121159ec90226ef0b1f93d2fb457bf1dd4a45479c7bf0a50b65b3c78", size = 409572, upload-time = "2026-07-10T12:35:20.25Z" },
    { url = "https://files.pythonhosted.org/packages/e9/4b/4c7510b06e2f1b59cb83b9cef71a756e4ae7cc868309be3a55a43fb64ffa/jq-1.12.0-cp312-cp312-macosx_10_13_x86_64.whl", hash = "sha256:4df3d3feb9d9f2526416261c56a46808c07987283dbb3d272f0941839b9154a7", size = 416281, upload-time = "2026-07-10T12:35:21.807Z" },
    { url = "https://files.pythonhosted.org/packages/38/10/19f037f1ff857e0398c0548803ce09dc9dd962978b83d7afeb25a6008986/jq-1.12.0-cp312-cp312-macosx_11_0_arm64.whl", hash = "sha256:39cb15398a13c604051848c60598f1367f7dbb34c336ec495a5bd804429c9801", size = 424919, upload-time = "2026-07-10T12:35:23.475Z" },
    { url = "https://files.pythonhosted.org/packages/8a/f3/3982e172926699eb6c5d30d7004ee6cf922837c16adba9327d3321e88255/jq-1.12.0-cp312-cp312-manylinux_2_26_aarch64.manylinux_2_28_aarch64.whl", hash = "sha256:860d71c12ae8ce3bd5210193e7ca2acf19d521bb0c2d8fddd3e7571fa66c4ada", size = 757286, upload-time = "2026-07-10T12:35:24.868Z" },
    { url = "https://files.pythonhosted.org/packages/ec/50/90f9c6f54a5e87e388b1837171be7c6ddd9d02be6eed4df5b2281d6f83ee/jq-1.12.0-cp312-cp312-manylinux_2_26_x86_64.manylinux_2_28_x86_64.whl", hash = "sha256:59aeba4ce1a5b1a012025277d8266c769044cb33f0b1a1b6354bf5ee2987c408", size = 776143, upload-time = "2026-07-10T12:35:27.051Z" },
    { url = "https://files.pythonhosted.org/packages/3d/e9/9e53b968add6455cd19acb5a01abdba6f06ee6dd8c3c45dd907ad1da7542/jq-1.12.0-cp312-cp312-musllinux_1_2_aarch64.whl", hash = "sha256:73d91b05f83ad61e9af9b09588fb959742ca096d4c696b2685fd9daa716ed0b0", size = 744439, upload-time = "2026-07-10T12:35:28.893Z" },
    { url = "https://files.pythonhosted.org/packages/45/51/75fb4883151152cc09a98091f2c4b0ec1e39686ab90a4a7453d0531bfb22/jq-1.12.0-cp312-cp312-musllinux_1_2_x86_64.whl", hash = "sha256:46cbcb69732dcbe582b8af2bf24f8982dd063c21319285db38c1a1948c540dac", size = 770644, upload-time = "2026-07-10T12:35:30.534Z" },
    { url = "https://files.pythonhosted.org/packages/05/c1/026afa899f3f5b475a2f715640c70f54323c8ac5f1964bff1e6d5f75cd8b/jq-1.12.0-cp312-cp312-win_amd64.whl", hash = "sha256:b0920d06c7f115fc7ce461f246a58a2dd7594ac491f214974ab3e5b367ea70da", size = 412137, upload-time = "2026-07-10T12:35:32.069Z" },
    { url = "https://files.pythonhosted.org/packages/b4/a3/683c738b9a2453b8f5cd55bdf2d923ce4c1d4208692673489e6b7e93a310/jq-1.12.0-cp313-cp313-macosx_10_13_x86_64.whl", hash = "sha256:de62400d166593bcdd643b98283d3df728d87dc7415bd4fe5d8d252c5bc372e6", size = 415850, upload-time = "2026-07-10T12:35:33.738Z" },
    { url = "https://files.pythonhosted.org/packages/05/ad/1e5d49d8ab0eca0453b6db2d38cd80a94c360884ff7bebf541e19f4334f0/jq-1.12.0-cp313-cp313-macosx_11_0_arm64.whl", hash = "sha256:7ae30d76711018c6d1516b945e7f4aeddcc83484ed681e44bae526371ed2283d", size = 424479, upload-time = "2026-07-10T12:35:35.534Z" },
    { url = "https://files.pythonhosted.org/packages/6f/ad/2718eaf0aa8c6bf3161ea787fa760f3ae77feea9c2ffa759126941a2e06f/jq-1.12.0-cp313-cp313-manylinux_2_26_aarch64.manylinux_2_28_aarch64.whl", hash = "sha256:0aa7f4e5ce5ae25f9621d0a7037a3bb141bfd7e0eef2f12887cdd88923b3dc0c", size = 750183, upload-time = "2026-07-10T12:35:36.958Z" },
    { url = "https://files.pythonhosted.org/packages/c9/bb/ebf3e334f1b5326c19dd567d467ee46f914eda20bab38ccc13b71c888c0b/jq-1.12.0-cp313-cp313-manylinux_2_26_x86_64.manylinux_2_28_x86_64.whl", hash = "sha256:28e4ff0948e320223980ed0775e530c697be88fe4d8fa9ed06ac2de45128602d", size = 770159, upload-time = "2026-07-10T12:35:38.364Z" },
    { url = "https://files.pythonhosted.org/packages/bb/90/ff1ead648dc45090761c5bde1a01799a070349a03ddcccc6e5e8d4b48df9/jq-1.12.0-cp313-cp313-musllinux_1_2_aarch64.whl", hash = "sha256:becef68da44da901e60821d8fe7e2a38f07fe59a25447a2b8d8cbf3cfaabd04e", size = 739224, upload-time = "2026-07-10T12:35:39.887Z" },
    { url = "https://files.pythonhosted.org/packages/50/28/d89d6f53af6c068d9aa26b62d1fc2e4ea4188481317388c0d7799c2f14f5/jq-1.12.0-cp313-cp313-musllinux_1_2_x86_64.whl", hash = "sha256:53664049ad40e17b2314cf595badad280130ce560bace634773226e4b77caeaa", size = 764633, upload-time = "2026-07-10T12:35:41.697Z" },
    { url = "https://files.pythonhosted.org/packages/af/01/736255a85948fdfc36cc702136be7b8b787cfe9b8443f359e734ccb7d256/jq-1.12.0-cp313-cp313-win_amd64.whl", hash = "sha256:13650dfae6a74c7f411d2286dfc24f806e8575b02348528700ebc8abe320223b", size = 412568, upload-time = "2026-07-10T12:35:43.414Z" },
    { url = "https://files.pythonhosted.org/packages/d8/4d/e7599083ceea8bfcc129d446b18f593d80021eff30fdb54eda4d4f0c9372/jq-1.12.0-cp314-cp314-macosx_10_15_x86_64.whl", hash = "sha256:2209588dc6acd473cac7e017c546ecb636851ad231e35fb7cd45415e503192e4", size = 416070, upload-time = "2026-07-10T12:35:44.808Z" },
    { url = "https://files.pythonhosted.org/packages/89/66/5a93431781558c7a0d947b24a473db146ca0c482f467b78091c0d584eb77/jq-1.12.0-cp314-cp314-macosx_11_0_arm64.whl", hash = "sha256:406cc8a9e94ee6ea83ea5b95e41a7cd5ed9d2038d50fe3a8beed4e11f8a8b661", size = 425176, upload-time = "2026-07-10T12:35:46.41Z" },
    { url = "https://files.pythonhosted.org/packages/9c/bc/a77610a09c99d6ade3e054425332727c120b0a9a933431b5cf541a35a0b2/jq-1.12.0-cp314-cp314-manylinux_2_26_aarch64.manylinux_2_28_aarch64.whl", hash = "sha256:ca19b0a295d35f9c2cc9b626961c04ab8af32e6f66b65e8bb0d0bb94d935d809", size = 748519, upload-time = "2026-07-10T12:35:47.848Z" },
    { url = "https://files.pythonhosted.org/packages/20/52/c3303aa411292160e7892e6572b89bd3a20fe65d780d005f7c92ca4ce630/jq-1.12.0-cp314-cp314-manylinux_2_26_x86_64.manylinux_2_28_x86_64.whl", hash = "sha256:4ba6d3d2632fe2c53f55cefe6b20a766a844c79a51744ecf27df1876d8b8f3f0", size = 762490, upload-time = "2026-07-10T12:35:49.558Z" },
    { url = "https://files.pythonhosted.org/packages/7f/cf/9322be5fd98de3d506623153025cd67788eede0227ef64bff19f75d010ba/jq-1.12.0-cp314-cp314-musllinux_1_2_aarch64.whl", hash = "sha256:4034a13ad245319ad13086e19f07a864b4d5b306efb3f9874c705b05d930541c", size = 737070, upload-time = "2026-07-10T12:35:51.268Z" },
    { url = "https://files.pythonhosted.org/packages/e7/b4/73b4b49491a6bbb12c6db83d951dfb9477f893df3785e11e65c625e474cf/jq-1.12.0-cp314-cp314-musllinux_1_2_x86_64.whl", hash = "sha256:0acceed1ea0d4c445d2f0fdb5f1e4c41b9897e29e3044ef14eb0387445552e37", size = 756482, upload-time = "2026-07-10T12:35:52.679Z" },
    { url = "https://files.pythonhosted.org/packages/b6/12/ed1384d55e80c01dd76d45b7fb2cd926753a75edf3156b223d7f356b214c/jq-1.12.0-cp314-cp314-win_amd64.whl", hash = "sha256:97ca6233eacc643927aa629c44d358bcf265a923637754196c37dc4e0268ba6b", size = 431151, upload-time = "2026-07-10T12:36:07.479Z" },
    { url = "https://files.pythonhosted.org/packages/5c/2e/fb9f3c34fea83b0202b059e2704df10dc8198077d7491f709cfb11f97937/jq-1.12.0-cp314-cp314t-macosx_10_15_x86_64.whl", hash = "sha256:840fcc9805a6ac1df7aa221fadb43e8702105e0c47dbb30e791d5a3aa731f810", size = 419585, upload-time = "2026-07-10T12:35:54.311Z" },
    { url = "https://files.pythonhosted.org/packages/70/cd/ab3be753214d40ba4ecea7039948bb800e16cf2d31bfdfe519ca8cc0d484/jq-1.12.0-cp314-cp314t-macosx_11_0_arm64.whl", hash = "sha256:02112ca560f90c6b1ea31829bb7777fbc5b1f1d13f78b2c6ce5cefa8233cee7e", size = 431464, upload-time = "2026-07-10T12:35:56.356Z" },
    { url = "https://files.pythonhosted.org/packages/f6/db/23369956e8521233482fb818146415e40b980b3b24cc50a04c507b712c26/jq-1.12.0-cp314-cp314t-manylinux_2_26_aarch64.manylinux_2_28_aarch64.whl", hash = "sha256:97eb829997e96d079190729df23e6763b86cdbf260c8ceb0b3e0828996a66731", size = 780015, upload-time = "2026-07-10T12:35:58.048Z" },
    { url = "https://files.pythonhosted.org/packages/24/3e/9d46758527dd5d27098fd27bd50a040e40e0b2c19cce3fc4fa96ac8e75f5/jq-1.12.0-cp314-cp314t-manylinux_2_26_x86_64.manylinux_2_28_x86_64.whl", hash = "sha256:60077506b0e5a68a821dcc237564adbf65b3f50d146b166e844d4a150f069222", size = 776275, upload-time = "2026-07-10T12:35:59.855Z" },
    { url = "https://files.pythonhosted.org/packages/c3/e4/f645c4dc5042f0de7473665d510040d702c079e3a40f9227d04e478d9c16/jq-1.12.0-cp314-cp314t-musllinux_1_2_aarch64.whl", hash = "sha256:1dff708ccf14b425b733bf2b94398d95d2c697ace7678cf4e332fafb78e037f8", size = 759497, upload-time = "2026-07-10T12:36:01.572Z" },
    { url = "https://files.pythonhosted.org/packages/f0/95/31ace4332bd17ee6a96f0b8323d7a24dd2164d1663049b78f8d2465e7281/jq-1.12.0-cp314-cp314t-musllinux_1_2_x86_64.whl", hash = "sha256:7cf775589ad923609c3833668880712da44bf01d06508622aef6c47b67c05f98", size = 767868, upload-time = "2026-07-10T12:36:03.34Z" },
    { url = "https://files.pythonhosted.org/packages/2e/55/925c4df48f6e1a06cebe64007b98dc0bbdca227f22100279b1031aa928ff/jq-1.12.0-cp314-cp314t-win_amd64.whl", hash = "sha256:de7aa00e1328fc3838dcccb9633035a7ea5fc7f716215941c517fead55f94695", size = 432114, upload-time = "2026-07-10T12:36:05.675Z" },
    { url = "https://files.pythonhosted.org/packages/28/c8/187b95f98267dde8e05b424412f3967adb4d61d551091c3842f2e901d4ab/jq-1.12.0-pp311-pypy311_pp73-macosx_10_15_x86_64.whl", hash = "sha256:0d80685f3d8e139142ddd4439104e2fde5f10e5a3db00cd84393ed1fe64ad73a", size = 403657, upload-time = "2026-07-10T12:36:32.597Z" },
    { url = "https://files.pythonhosted.org/packages/da/83/c00ce9e3b6f98bf3edd005cf41c48be72d3e43e048228f69d92f89f74ebf/jq-1.12.0-pp311-pypy311_pp73-macosx_11_0_arm64.whl", hash = "sha256:2f358c74f849168798d9f56df0706a207e7228cc595cc94825ed27f55074ffd5", size = 413215, upload-time = "2026-07-10T12:36:34.297Z" },
    { url = "https://files.pythonhosted.org/packages/08/96/a89124aa73556d030a178e88312cf6025ba16524017072470068a2968087/jq-1.12.0-pp311-pypy311_pp73-manylinux_2_26_aarch64.manylinux_2_28_aarch64.whl", hash = "sha256:acb27df2548e32f01c2f82f481e32b51f9ef4ee2642690f7d2053fd653109f4d", size = 413505, upload-time = "2026-07-10T12:36:35.941Z" },
    { url = "https://files.pythonhosted.org/packages/6e/3d/d828666e3d7ae3d5fd9da084e082d9ad649713d1eb7eb2cccd8ccb227c41/jq-1.12.0-pp311-pypy311_pp73-manylinux_2_26_x86_64.manylinux_2_28_x86_64.whl", hash = "sha256:b405cbf325c21dbefaff0c78168b2d44b66fc1f181bbfc2c37a77924b8575dec", size = 427606, upload-time = "2026-07-10T12:36:37.595Z" },
]

[[package]]
name = "pyyaml"
version = "6.0.3"
source = { registry = "https://pypi.org/simple" }
sdist = { url = "https://files.pythonhosted.org/packages/05/8e/961c0007c59b8dd7729d542c61a4d537767a59645b82a0b521206e1e25c2/pyyaml-6.0.3.tar.gz", hash = "sha256:d76623373421df22fb4cf8817020cbb7ef15c725b9d5e45f17e189bfc384190f", size = 130960, upload-time = "2025-09-25T21:33:16.546Z" }
wheels = [
    { url = "https://files.pythonhosted.org/packages/f4/a0/39350dd17dd6d6c6507025c0e53aef67a9293a6d37d3511f23ea510d5800/pyyaml-6.0.3-cp310-cp310-macosx_10_13_x86_64.whl", hash = "sha256:214ed4befebe12df36bcc8bc2b64b396ca31be9304b8f59e25c11cf94a4c033b", size = 184227, upload-time = "2025-09-25T21:31:46.04Z" },
    { url = "https://files.pythonhosted.org/packages/05/14/52d505b5c59ce73244f59c7a50ecf47093ce4765f116cdb98286a71eeca2/pyyaml-6.0.3-cp310-cp310-macosx_11_0_arm64.whl", hash = "sha256:02ea2dfa234451bbb8772601d7b8e426c2bfa197136796224e50e35a78777956", size = 174019, upload-time = "2025-09-25T21:31:47.706Z" },
    { url = "https://files.pythonhosted.org/packages/43/f7/0e6a5ae5599c838c696adb4e6330a59f463265bfa1e116cfd1fbb0abaaae/pyyaml-6.0.3-cp310-cp310-manylinux2014_aarch64.manylinux_2_17_aarch64.manylinux_2_28_aarch64.whl", hash = "sha256:b30236e45cf30d2b8e7b3e85881719e98507abed1011bf463a8fa23e9c3e98a8", size = 740646, upload-time = "2025-09-25T21:31:49.21Z" },
    { url = "https://files.pythonhosted.org/packages/2f/3a/61b9db1d28f00f8fd0ae760459a5c4bf1b941baf714e207b6eb0657d2578/pyyaml-6.0.3-cp310-cp310-manylinux2014_s390x.manylinux_2_17_s390x.manylinux_2_28_s390x.whl", hash = "sha256:66291b10affd76d76f54fad28e22e51719ef9ba22b29e1d7d03d6777a9174198", size = 840793, upload-time = "2025-09-25T21:31:50.735Z" },
    { url = "https://files.pythonhosted.org/packages/7a/1e/7acc4f0e74c4b3d9531e24739e0ab832a5edf40e64fbae1a9c01941cabd7/pyyaml-6.0.3-cp310-cp310-manylinux2014_x86_64.manylinux_2_17_x86_64.manylinux_2_28_x86_64.whl", hash = "sha256:9c7708761fccb9397fe64bbc0395abcae8c4bf7b0eac081e12b809bf47700d0b", size = 770293, upload-time = "2025-09-25T21:31:51.828Z" },
    { url = "https://files.pythonhosted.org/packages/8b/ef/abd085f06853af0cd59fa5f913d61a8eab65d7639ff2a658d18a25d6a89d/pyyaml-6.0.3-cp310-cp310-musllinux_1_2_aarch64.whl", hash = "sha256:418cf3f2111bc80e0933b2cd8cd04f286338bb88bdc7bc8e6dd775ebde60b5e0", size = 732872, upload-time = "2025-09-25T21:31:53.282Z" },
    { url = "https://files.pythonhosted.org/packages/1f/15/2bc9c8faf6450a8b3c9fc5448ed869c599c0a74ba2669772b1f3a0040180/pyyaml-6.0.3-cp310-cp310-musllinux_1_2_x86_64.whl", hash = "sha256:5e0b74767e5f8c593e8c9b5912019159ed0533c70051e9cce3e8b6aa699fcd69", size = 758828, upload-time = "2025-09-25T21:31:54.807Z" },
    { url = "https://files.pythonhosted.org/packages/a3/00/531e92e88c00f4333ce359e50c19b8d1de9fe8d581b1534e35ccfbc5f393/pyyaml-6.0.3-cp310-cp310-win32.whl", hash = "sha256:28c8d926f98f432f88adc23edf2e6d4921ac26fb084b028c733d01868d19007e", size = 142415, upload-time = "2025-09-25T21:31:55.885Z" },
    { url = "https://files.pythonhosted.org/packages/2a/fa/926c003379b19fca39dd4634818b00dec6c62d87faf628d1394e137354d4/pyyaml-6.0.3-cp310-cp310-win_amd64.whl", hash = "sha256:bdb2c67c6c1390b63c6ff89f210c8fd09d9a1217a465701eac7316313c915e4c", size = 158561, upload-time = "2025-09-25T21:31:57.406Z" },
    { url = "https://files.pythonhosted.org/packages/6d/16/a95b6757765b7b031c9374925bb718d55e0a9ba8a1b6a12d25962ea44347/pyyaml-6.0.3-cp311-cp311-macosx_10_13_x86_64.whl", hash = "sha256:44edc647873928551a01e7a563d7452ccdebee747728c1080d881d68af7b997e", size = 185826, upload-time = "2025-09-25T21:31:58.655Z" },
    { url = "https://files.pythonhosted.org/packages/16/19/13de8e4377ed53079ee996e1ab0a9c33ec2faf808a4647b7b4c0d46dd239/pyyaml-6.0.3-cp311-cp311-macosx_11_0_arm64.whl", hash = "sha256:652cb6edd41e718550aad172851962662ff2681490a8a711af6a4d288dd96824", size = 175577, upload-time = "2025-09-25T21:32:00.088Z" },
    { url = "https://files.pythonhosted.org/packages/0c/62/d2eb46264d4b157dae1275b573017abec435397aa59cbcdab6fc978a8af4/pyyaml-6.0.3-cp311-cp311-manylinux2014_aarch64.manylinux_2_17_aarch64.manylinux_2_28_aarch64.whl", hash = "sha256:10892704fc220243f5305762e276552a0395f7beb4dbf9b14ec8fd43b57f126c", size = 775556, upload-time = "2025-09-25T21:32:01.31Z" },
    { url = "https://files.pythonhosted.org/packages/10/cb/16c3f2cf3266edd25aaa00d6c4350381c8b012ed6f5276675b9eba8d9ff4/pyyaml-6.0.3-cp311-cp311-manylinux2014_s390x.manylinux_2_17_s390x.manylinux_2_28_s390x.whl", hash = "sha256:850774a7879607d3a6f50d36d04f00ee69e7fc816450e5f7e58d7f17f1ae5c00", size = 882114, upload-time = "2025-09-25T21:32:03.376Z" },
    { url = "https://files.pythonhosted.org/packages/71/60/917329f640924b18ff085ab889a11c763e0b573da888e8404ff486657602/pyyaml-6.0.3-cp311-cp311-manylinux2014_x86_64.manylinux_2_17_x86_64.manylinux_2_28_x86_64.whl", hash = "sha256:b8bb0864c5a28024fac8a632c443c87c5aa6f215c0b126c449ae1a150412f31d", size = 806638, upload-time = "2025-09-25T21:32:04.553Z" },
    { url = "https://files.pythonhosted.org/packages/dd/6f/529b0f316a9fd167281a6c3826b5583e6192dba792dd55e3203d3f8e655a/pyyaml-6.0.3-cp311-cp311-musllinux_1_2_aarch64.whl", hash = "sha256:1d37d57ad971609cf3c53ba6a7e365e40660e3be0e5175fa9f2365a379d6095a", size = 767463, upload-time = "2025-09-25T21:32:06.152Z" },
    { url = "https://files.pythonhosted.org/packages/f2/6a/b627b4e0c1dd03718543519ffb2f1deea4a1e6d42fbab8021936a4d22589/pyyaml-6.0.3-cp311-cp311-musllinux_1_2_x86_64.whl", hash = "sha256:37503bfbfc9d2c40b344d06b2199cf0e96e97957ab1c1b546fd4f87e53e5d3e4", size = 794986, upload-time = "2025-09-25T21:32:07.367Z" },
    { url = "https://files.pythonhosted.org/packages/45/91/47a6e1c42d9ee337c4839208f30d9f09caa9f720ec7582917b264defc875/pyyaml-6.0.3-cp311-cp311-win32.whl", hash = "sha256:8098f252adfa6c80ab48096053f512f2321f0b998f98150cea9bd23d83e1467b", size = 142543, upload-time = "2025-09-25T21:32:08.95Z" },
    { url = "https://files.pythonhosted.org/packages/da/e3/ea007450a105ae919a72393cb06f122f288ef60bba2dc64b26e2646fa315/pyyaml-6.0.3-cp311-cp311-win_amd64.whl", hash = "sha256:9f3bfb4965eb874431221a3ff3fdcddc7e74e3b07799e0e84ca4a0f867d449bf", size = 158763, upload-time = "2025-09-25T21:32:09.96Z" },
    { url = "https://files.pythonhosted.org/packages/d1/33/422b98d2195232ca1826284a76852ad5a86fe23e31b009c9886b2d0fb8b2/pyyaml-6.0.3-cp312-cp312-macosx_10_13_x86_64.whl", hash = "sha256:7f047e29dcae44602496db43be01ad42fc6f1cc0d8cd6c83d342306c32270196", size = 182063, upload-time = "2025-09-25T21:32:11.445Z" },
    { url = "https://files.pythonhosted.org/packages/89/a0/6cf41a19a1f2f3feab0e9c0b74134aa2ce6849093d5517a0c550fe37a648/pyyaml-6.0.3-cp312-cp312-macosx_11_0_arm64.whl", hash = "sha256:fc09d0aa354569bc501d4e787133afc08552722d3ab34836a80547331bb5d4a0", size = 173973, upload-time = "2025-09-25T21:32:12.492Z" },
    { url = "https://files.pythonhosted.org/packages/ed/23/7a778b6bd0b9a8039df8b1b1d80e2e2ad78aa04171592c8a5c43a56a6af4/pyyaml-6.0.3-cp312-cp312-manylinux2014_aarch64.manylinux_2_17_aarch64.manylinux_2_28_aarch64.whl", hash = "sha256:9149cad251584d5fb4981be1ecde53a1ca46c891a79788c0df828d2f166bda28", size = 775116, upload-time = "2025-09-25T21:32:13.652Z" },
    { url = "https://files.pythonhosted.org/packages/65/30/d7353c338e12baef4ecc1b09e877c1970bd3382789c159b4f89d6a70dc09/pyyaml-6.0.3-cp312-cp312-manylinux2014_s390x.manylinux_2_17_s390x.manylinux_2_28_s390x.whl", hash = "sha256:5fdec68f91a0c6739b380c83b951e2c72ac0197ace422360e6d5a959d8d97b2c", size = 844011, upload-time = "2025-09-25T21:32:15.21Z" },
    { url = "https://files.pythonhosted.org/packages/8b/9d/b3589d3877982d4f2329302ef98a8026e7f4443c765c46cfecc8858c6b4b/pyyaml-6.0.3-cp312-cp312-manylinux2014_x86_64.manylinux_2_17_x86_64.manylinux_2_28_x86_64.whl", hash = "sha256:ba1cc08a7ccde2d2ec775841541641e4548226580ab850948cbfda66a1befcdc", size = 807870, upload-time = "2025-09-25T21:32:16.431Z" },
    { url = "https://files.pythonhosted.org/packages/05/c0/b3be26a015601b822b97d9149ff8cb5ead58c66f981e04fedf4e762f4bd4/pyyaml-6.0.3-cp312-cp312-musllinux_1_2_aarch64.whl", hash = "sha256:8dc52c23056b9ddd46818a57b78404882310fb473d63f17b07d5c40421e47f8e", size = 761089, upload-time = "2025-09-25T21:32:17.56Z" },
    { url = "https://files.pythonhosted.org/packages/be/8e/98435a21d1d4b46590d5459a22d88128103f8da4c2d4cb8f14f2a96504e1/pyyaml-6.0.3-cp312-cp312-musllinux_1_2_x86_64.whl", hash = "sha256:41715c910c881bc081f1e8872880d3c650acf13dfa8214bad49ed4cede7c34ea", size = 790181, upload-time = "2025-09-25T21:32:18.834Z" },
    { url = "https://files.pythonhosted.org/packages/74/93/7baea19427dcfbe1e5a372d81473250b379f04b1bd3c4c5ff825e2327202/pyyaml-6.0.3-cp312-cp312-win32.whl", hash = "sha256:96b533f0e99f6579b3d4d4995707cf36df9100d67e0c8303a0c55b27b5f99bc5", size = 137658, upload-time = "2025-09-25T21:32:20.209Z" },
    { url = "https://files.pythonhosted.org/packages/86/bf/899e81e4cce32febab4fb42bb97dcdf66bc135272882d1987881a4b519e9/pyyaml-6.0.3-cp312-cp312-win_amd64.whl", hash = "sha256:5fcd34e47f6e0b794d17de1b4ff496c00986e1c83f7ab2fb8fcfe9616ff7477b", size = 154003, upload-time = "2025-09-25T21:32:21.167Z" },
    { url = "https://files.pythonhosted.org/packages/1a/08/67bd04656199bbb51dbed1439b7f27601dfb576fb864099c7ef0c3e55531/pyyaml-6.0.3-cp312-cp312-win_arm64.whl", hash = "sha256:64386e5e707d03a7e172c0701abfb7e10f0fb753ee1d773128192742712a98fd", size = 140344, upload-time = "2025-09-25T21:32:22.617Z" },
    { url = "https://files.pythonhosted.org/packages/d1/11/0fd08f8192109f7169db964b5707a2f1e8b745d4e239b784a5a1dd80d1db/pyyaml-6.0.3-cp313-cp313-macosx_10_13_x86_64.whl", hash = "sha256:8da9669d359f02c0b91ccc01cac4a67f16afec0dac22c2ad09f46bee0697eba8", size = 181669, upload-time = "2025-09-25T21:32:23.673Z" },
    { url = "https://files.pythonhosted.org/packages/b1/16/95309993f1d3748cd644e02e38b75d50cbc0d9561d21f390a76242ce073f/pyyaml-6.0.3-cp313-cp313-macosx_11_0_arm64.whl", hash = "sha256:2283a07e2c21a2aa78d9c4442724ec1eb15f5e42a723b99cb3d822d48f5f7ad1", size = 173252, upload-time = "2025-09-25T21:32:25.149Z" },
    { url = "https://files.pythonhosted.org/packages/50/31/b20f376d3f810b9b2371e72ef5adb33879b25edb7a6d072cb7ca0c486398/pyyaml-6.0.3-cp313-cp313-manylinux2014_aarch64.manylinux_2_17_aarch64.manylinux_2_28_aarch64.whl", hash = "sha256:ee2922902c45ae8ccada2c5b501ab86c36525b883eff4255313a253a3160861c", size = 767081, upload-time = "2025-09-25T21:32:26.575Z" },
    { url = "https://files.pythonhosted.org/packages/49/1e/a55ca81e949270d5d4432fbbd19dfea5321eda7c41a849d443dc92fd1ff7/pyyaml-6.0.3-cp313-cp313-manylinux2014_s390x.manylinux_2_17_s390x.manylinux_2_28_s390x.whl", hash = "sha256:a33284e20b78bd4a18c8c2282d549d10bc8408a2a7ff57653c0cf0b9be0afce5", size = 841159, upload-time = "2025-09-25T21:32:27.727Z" },
    { url = "https://files.pythonhosted.org/packages/74/27/e5b8f34d02d9995b80abcef563ea1f8b56d20134d8f4e5e81733b1feceb2/pyyaml-6.0.3-cp313-cp313-manylinux2014_x86_64.manylinux_2_17_x86_64.manylinux_2_28_x86_64.whl", hash = "sha256:0f29edc409a6392443abf94b9cf89ce99889a1dd5376d94316ae5145dfedd5d6", size = 801626, upload-time = "2025-09-25T21:32:28.878Z" },
    { url = "https://files.pythonhosted.org/packages/f9/11/ba845c23988798f40e52ba45f34849aa8a1f2d4af4b798588010792ebad6/pyyaml-6.0.3-cp313-cp313-musllinux_1_2_aarch64.whl", hash = "sha256:f7057c9a337546edc7973c0d3ba84ddcdf0daa14533c2065749c9075001090e6", size = 753613, upload-time = "2025-09-25T21:32:30.178Z" },
    { url = "https://files.pythonhosted.org/packages/3d/e0/7966e1a7bfc0a45bf0a7fb6b98ea03fc9b8d84fa7f2229e9659680b69ee3/pyyaml-6.0.3-cp313-cp313-musllinux_1_2_x86_64.whl", hash = "sha256:eda16858a3cab07b80edaf74336ece1f986ba330fdb8ee0d6c0d68fe82bc96be", size = 794115, upload-time = "2025-09-25T21:32:31.353Z" },
    { url = "https://files.pythonhosted.org/packages/de/94/980b50a6531b3019e45ddeada0626d45fa85cbe22300844a7983285bed3b/pyyaml-6.0.3-cp313-cp313-win32.whl", hash = "sha256:d0eae10f8159e8fdad514efdc92d74fd8d682c933a6dd088030f3834bc8e6b26", size = 137427, upload-time = "2025-09-25T21:32:32.58Z" },
    { url = "https://files.pythonhosted.org/packages/97/c9/39d5b874e8b28845e4ec2202b5da735d0199dbe5b8fb85f91398814a9a46/pyyaml-6.0.3-cp313-cp313-win_amd64.whl", hash = "sha256:79005a0d97d5ddabfeeea4cf676af11e647e41d81c9a7722a193022accdb6b7c", size = 154090, upload-time = "2025-09-25T21:32:33.659Z" },
    { url = "https://files.pythonhosted.org/packages/73/e8/2bdf3ca2090f68bb3d75b44da7bbc71843b19c9f2b9cb9b0f4ab7a5a4329/pyyaml-6.0.3-cp313-cp313-win_arm64.whl", hash = "sha256:5498cd1645aa724a7c71c8f378eb29ebe23da2fc0d7a08071d89469bf1d2defb", size = 140246, upload-time = "2025-09-25T21:32:34.663Z" },
    { url = "https://files.pythonhosted.org/packages/9d/8c/f4bd7f6465179953d3ac9bc44ac1a8a3e6122cf8ada906b4f96c60172d43/pyyaml-6.0.3-cp314-cp314-macosx_10_13_x86_64.whl", hash = "sha256:8d1fab6bb153a416f9aeb4b8763bc0f22a5586065f86f7664fc23339fc1c1fac", size = 181814, upload-time = "2025-09-25T21:32:35.712Z" },
    { url = "https://files.pythonhosted.org/packages/bd/9c/4d95bb87eb2063d20db7b60faa3840c1b18025517ae857371c4dd55a6b3a/pyyaml-6.0.3-cp314-cp314-macosx_11_0_arm64.whl", hash = "sha256:34d5fcd24b8445fadc33f9cf348c1047101756fd760b4dacb5c3e99755703310", size = 173809, upload-time = "2025-09-25T21:32:36.789Z" },
    { url = "https://files.pythonhosted.org/packages/92/b5/47e807c2623074914e29dabd16cbbdd4bf5e9b2db9f8090fa64411fc5382/pyyaml-6.0.3-cp314-cp314-manylinux2014_aarch64.manylinux_2_17_aarch64.manylinux_2_28_aarch64.whl", hash = "sha256:501a031947e3a9025ed4405a168e6ef5ae3126c59f90ce0cd6f2bfc477be31b7", size = 766454, upload-time = "2025-09-25T21:32:37.966Z" },
    { url = "https://files.pythonhosted.org/packages/02/9e/e5e9b168be58564121efb3de6859c452fccde0ab093d8438905899a3a483/pyyaml-6.0.3-cp314-cp314-manylinux2014_s390x.manylinux_2_17_s390x.manylinux_2_28_s390x.whl", hash = "sha256:b3bc83488de33889877a0f2543ade9f70c67d66d9ebb4ac959502e12de895788", size = 836355, upload-time = "2025-09-25T21:32:39.178Z" },
    { url = "https://files.pythonhosted.org/packages/88/f9/16491d7ed2a919954993e48aa941b200f38040928474c9e85ea9e64222c3/pyyaml-6.0.3-cp314-cp314-manylinux2014_x86_64.manylinux_2_17_x86_64.manylinux_2_28_x86_64.whl", hash = "sha256:c458b6d084f9b935061bc36216e8a69a7e293a2f1e68bf956dcd9e6cbcd143f5", size = 794175, upload-time = "2025-09-25T21:32:40.865Z" },
    { url = "https://files.pythonhosted.org/packages/dd/3f/5989debef34dc6397317802b527dbbafb2b4760878a53d4166579111411e/pyyaml-6.0.3-cp314-cp314-musllinux_1_2_aarch64.whl", hash = "sha256:7c6610def4f163542a622a73fb39f534f8c101d690126992300bf3207eab9764", size = 755228, upload-time = "2025-09-25T21:32:42.084Z" },
    { url = "https://files.pythonhosted.org/packages/d7/ce/af88a49043cd2e265be63d083fc75b27b6ed062f5f9fd6cdc223ad62f03e/pyyaml-6.0.3-cp314-cp314-musllinux_1_2_x86_64.whl", hash = "sha256:5190d403f121660ce8d1d2c1bb2ef1bd05b5f68533fc5c2ea899bd15f4399b35", size = 789194, upload-time = "2025-09-25T21:32:43.362Z" },
    { url = "https://files.pythonhosted.org/packages/23/20/bb6982b26a40bb43951265ba29d4c246ef0ff59c9fdcdf0ed04e0687de4d/pyyaml-6.0.3-cp314-cp314-win_amd64.whl", hash = "sha256:4a2e8cebe2ff6ab7d1050ecd59c25d4c8bd7e6f400f5f82b96557ac0abafd0ac", size = 156429, upload-time = "2025-09-25T21:32:57.844Z" },
    { url = "https://files.pythonhosted.org/packages/f4/f4/a4541072bb9422c8a883ab55255f918fa378ecf083f5b85e87fc2b4eda1b/pyyaml-6.0.3-cp314-cp314-win_arm64.whl", hash = "sha256:93dda82c9c22deb0a405ea4dc5f2d0cda384168e466364dec6255b293923b2f3", size = 143912, upload-time = "2025-09-25T21:32:59.247Z" },
    { url = "https://files.pythonhosted.org/packages/7c/f9/07dd09ae774e4616edf6cda684ee78f97777bdd15847253637a6f052a62f/pyyaml-6.0.3-cp314-cp314t-macosx_10_13_x86_64.whl", hash = "sha256:02893d100e99e03eda1c8fd5c441d8c60103fd175728e23e431db1b589cf5ab3", size = 189108, upload-time = "2025-09-25T21:32:44.377Z" },
    { url = "https://files.pythonhosted.org/packages/4e/78/8d08c9fb7ce09ad8c38ad533c1191cf27f7ae1effe5bb9400a46d9437fcf/pyyaml-6.0.3-cp314-cp314t-macosx_11_0_arm64.whl", hash = "sha256:c1ff362665ae507275af2853520967820d9124984e0f7466736aea23d8611fba", size = 183641, upload-time = "2025-09-25T21:32:45.407Z" },
    { url = "https://files.pythonhosted.org/packages/7b/5b/3babb19104a46945cf816d047db2788bcaf8c94527a805610b0289a01c6b/pyyaml-6.0.3-cp314-cp314t-manylinux2014_aarch64.manylinux_2_17_aarch64.manylinux_2_28_aarch64.whl", hash = "sha256:6adc77889b628398debc7b65c073bcb99c4a0237b248cacaf3fe8a557563ef6c", size = 831901, upload-time = "2025-09-25T21:32:48.83Z" },
    { url = "https://files.pythonhosted.org/packages/8b/cc/dff0684d8dc44da4d22a13f35f073d558c268780ce3c6ba1b87055bb0b87/pyyaml-6.0.3-cp314-cp314t-manylinux2014_s390x.manylinux_2_17_s390x.manylinux_2_28_s390x.whl", hash = "sha256:a80cb027f6b349846a3bf6d73b5e95e782175e52f22108cfa17876aaeff93702", size = 861132, upload-time = "2025-09-25T21:32:50.149Z" },
    { url = "https://files.pythonhosted.org/packages/b1/5e/f77dc6b9036943e285ba76b49e118d9ea929885becb0a29ba8a7c75e29fe/pyyaml-6.0.3-cp314-cp314t-manylinux2014_x86_64.manylinux_2_17_x86_64.manylinux_2_28_x86_64.whl", hash = "sha256:00c4bdeba853cc34e7dd471f16b4114f4162dc03e6b7afcc2128711f0eca823c", size = 839261, upload-time = "2025-09-25T21:32:51.808Z" },
    { url = "https://files.pythonhosted.org/packages/ce/88/a9db1376aa2a228197c58b37302f284b5617f56a5d959fd1763fb1675ce6/pyyaml-6.0.3-cp314-cp314t-musllinux_1_2_aarch64.whl", hash = "sha256:66e1674c3ef6f541c35191caae2d429b967b99e02040f5ba928632d9a7f0f065", size = 805272, upload-time = "2025-09-25T21:32:52.941Z" },
    { url = "https://files.pythonhosted.org/packages/da/92/1446574745d74df0c92e6aa4a7b0b3130706a4142b2d1a5869f2eaa423c6/pyyaml-6.0.3-cp314-cp314t-musllinux_1_2_x86_64.whl", hash = "sha256:16249ee61e95f858e83976573de0f5b2893b3677ba71c9dd36b9cf8be9ac6d65", size = 829923, upload-time = "2025-09-25T21:32:54.537Z" },
    { url = "https://files.pythonhosted.org/packages/f0/7a/1c7270340330e575b92f397352af856a8c06f230aa3e76f86b39d01b416a/pyyaml-6.0.3-cp314-cp314t-win_amd64.whl", hash = "sha256:4ad1906908f2f5ae4e5a8ddfce73c320c2a1429ec52eafd27138b7f1cbe341c9", size = 174062, upload-time = "2025-09-25T21:32:55.767Z" },
    { url = "https://files.pythonhosted.org/packages/f1/12/de94a39c2ef588c7e6455cfbe7343d3b2dc9d6b6b2f40c4c6565744c873d/pyyaml-6.0.3-cp314-cp314t-win_arm64.whl", hash = "sha256:ebc55a14a21cb14062aa4162f906cd962b28e2e9ea38f9b4391244cd8de4ae0b", size = 149341, upload-time = "2025-09-25T21:32:56.828Z" },
]
